
Microsoft Visual Studio Solution File, Format Version 12.00
# Visual Studio Version 16
VisualStudioVersion = 16.0.29102.190
MinimumVisualStudioVersion = 10.0.40219.1
Project("{2150E333-8FDC-42A3-9474-1A3956D46DE8}") = "Microservices", "Microservices", "{D91AF929-DB66-4BCA-A99D-5F55D7B8D163}"
EndProject
Project("{2150E333-8FDC-42A3-9474-1A3956D46DE8}") = "Domain", "Domain", "{E3630508-BDC6-4B26-A575-56282AAF72B8}"
EndProject
Project("{2150E333-8FDC-42A3-9474-1A3956D46DE8}") = "Infra.Bus", "Infra.Bus", "{B6B7C261-8974-430D-BFD7-03AD5CD3A1DB}"
EndProject
Project("{2150E333-8FDC-42A3-9474-1A3956D46DE8}") = "Infra.Ioc", "Infra.Ioc", "{DAE4023A-C516-441A-A5D0-434730F91708}"
EndProject
Project("{2150E333-8FDC-42A3-9474-1A3956D46DE8}") = "Presantation", "Presantation", "{9AE1C64F-41FD-422A-9C5D-51D1B054DF91}"
EndProject
Project("{9A19103F-16F7-4668-BE54-9A1E7A4F7556}") = "MicroRabbit.Domain.Core", "MicroRabbit.Domain.Core\MicroRabbit.Domain.Core.csproj", "{F630AE3B-554F-43A8-8112-6FF928A3BBC2}"
EndProject
Project("{9A19103F-16F7-4668-BE54-9A1E7A4F7556}") = "MicroRabbit.Infra.Bus", "MicroRabbit.Infra.Bus\MicroRabbit.Infra.Bus.csproj", "{3B172623-9948-412C-9777-3432A29133DF}"
EndProject
Project("{9A19103F-16F7-4668-BE54-9A1E7A4F7556}") = "MicroRabbit.Infra.Ioc", "MicroRabbit.Infra.Ioc\MicroRabbit.Infra.Ioc.csproj", "{C5288F59-22D6-48D7-A9BF-D143D0E04201}"
EndProject
Project("{2150E333-8FDC-42A3-9474-1A3956D46DE8}") = "Banking", "Banking", "{83D7254F-A226-4BE4-80D4-6DA17207009D}"
EndProject
Project("{2150E333-8FDC-42A3-9474-1A3956D46DE8}") = "Api", "Api", "{525A36A9-AEEB-49CA-97BA-7C4F0E2B7C9A}"
EndProject
Project("{2150E333-8FDC-42A3-9474-1A3956D46DE8}") = "Application", "Application", "{26726A63-9624-4855-98B5-2B0114D28E09}"
EndProject
Project("{2150E333-8FDC-42A3-9474-1A3956D46DE8}") = "Data", "Data", "{9E5E4DFD-249C-4ECD-B476-7739A8D05D17}"
EndProject
Project("{9A19103F-16F7-4668-BE54-9A1E7A4F7556}") = "MIcroRabbit.Banking.Api", "MIcroRabbit.Banking.Api\MIcroRabbit.Banking.Api.csproj", "{98E798D2-0F2D-4EDE-A127-8E7140D7386E}"
EndProject
Project("{9A19103F-16F7-4668-BE54-9A1E7A4F7556}") = "MicroRabbit.Banking.Application", "MicroRabbit.Banking.Application\MicroRabbit.Banking.Application.csproj", "{9AEDC461-F4A2-4528-9AAF-FBAB39916FEE}"
EndProject
Project("{9A19103F-16F7-4668-BE54-9A1E7A4F7556}") = "MicroRabbit.Banking.Data", "MicroRabbit.Banking.Data\MicroRabbit.Banking.Data.csproj", "{9094A2B0-1B68-4328-8445-D527A5750A87}"
EndProject
Project("{2150E333-8FDC-42A3-9474-1A3956D46DE8}") = "Domain", "Domain", "{C8ACA551-490C-4399-95B7-DA2B796E1489}"
EndProject
Project("{9A19103F-16F7-4668-BE54-9A1E7A4F7556}") = "MicroRabbit.Banking.Domain", "MicroRabbit.Banking.Domain\MicroRabbit.Banking.Domain.csproj", "{CF60A29A-C184-4D33-A342-9140D0B26046}"
EndProject
Project("{2150E333-8FDC-42A3-9474-1A3956D46DE8}") = "Solution Items", "Solution Items", "{E98448A7-C086-4E52-B62A-80C1D7B49EF5}"
	ProjectSection(SolutionItems) = preProject
		Commands.txt = Commands.txt
	EndProjectSection
EndProject
Project("{2150E333-8FDC-42A3-9474-1A3956D46DE8}") = "Transfer", "Transfer", "{D0919DB2-DA44-47D0-A6F1-6844D673B114}"
EndProject
Project("{2150E333-8FDC-42A3-9474-1A3956D46DE8}") = "Api", "Api", "{D57843CB-D8F7-42D0-8D0F-8B59051C0F30}"
EndProject
Project("{2150E333-8FDC-42A3-9474-1A3956D46DE8}") = "Application", "Application", "{5914764F-94CC-4B45-BCB7-F0515376198E}"
EndProject
Project("{2150E333-8FDC-42A3-9474-1A3956D46DE8}") = "Domain", "Domain", "{2070C34F-AF5D-4D3E-8856-1BEB2BF61BC8}"
EndProject
Project("{FAE04EC0-301F-11D3-BF4B-00C04F79EFBC}") = "MicroRabbit.Transfer.Api", "MicroRabbit.Transfer.Api\MicroRabbit.Transfer.Api.csproj", "{B9F108D1-47BA-4FD2-B5B9-1C13404A2E8F}"
EndProject
Project("{FAE04EC0-301F-11D3-BF4B-00C04F79EFBC}") = "MicroRabbit.Transfer.Application", "MicroRabbit.Transfer.Application\MicroRabbit.Transfer.Application.csproj", "{6BE990F9-52B7-4B72-9696-6B3CE4E365A0}"
EndProject
Project("{2150E333-8FDC-42A3-9474-1A3956D46DE8}") = "Data", "Data", "{59E936A1-4B77-49A8-BCEA-2269473DE14B}"
EndProject
Project("{FAE04EC0-301F-11D3-BF4B-00C04F79EFBC}") = "MicroRabbit.Transfer.Data", "MicroRabbit.Transfer.Data\MicroRabbit.Transfer.Data.csproj", "{4B219E7D-7A80-4FF9-9A79-47E2AED90D19}"
EndProject
Project("{FAE04EC0-301F-11D3-BF4B-00C04F79EFBC}") = "MicroRabbit.Transfer.Domain", "MicroRabbit.Transfer.Domain\MicroRabbit.Transfer.Domain.csproj", "{27B1BE56-C5A9-4FB1-83B0-F6C968EC080E}"
EndProject
Project("{FAE04EC0-301F-11D3-BF4B-00C04F79EFBC}") = "MicroRabbit.Infra", "MicroRabbit.Infra\MicroRabbit.Infra.csproj", "{F8FA74A7-816F-467C-AB22-B1F0C18CA623}"
EndProject
Global
	GlobalSection(SolutionConfigurationPlatforms) = preSolution
		Debug|Any CPU = Debug|Any CPU
		Release|Any CPU = Release|Any CPU
	EndGlobalSection
	GlobalSection(ProjectConfigurationPlatforms) = postSolution
		{F630AE3B-554F-43A8-8112-6FF928A3BBC2}.Debug|Any CPU.ActiveCfg = Debug|Any CPU
		{F630AE3B-554F-43A8-8112-6FF928A3BBC2}.Debug|Any CPU.Build.0 = Debug|Any CPU
		{F630AE3B-554F-43A8-8112-6FF928A3BBC2}.Release|Any CPU.ActiveCfg = Release|Any CPU
		{F630AE3B-554F-43A8-8112-6FF928A3BBC2}.Release|Any CPU.Build.0 = Release|Any CPU
		{3B172623-9948-412C-9777-3432A29133DF}.Debug|Any CPU.ActiveCfg = Debug|Any CPU
		{3B172623-9948-412C-9777-3432A29133DF}.Debug|Any CPU.Build.0 = Debug|Any CPU
		{3B172623-9948-412C-9777-3432A29133DF}.Release|Any CPU.ActiveCfg = Release|Any CPU
		{3B172623-9948-412C-9777-3432A29133DF}.Release|Any CPU.Build.0 = Release|Any CPU
		{C5288F59-22D6-48D7-A9BF-D143D0E04201}.Debug|Any CPU.ActiveCfg = Debug|Any CPU
		{C5288F59-22D6-48D7-A9BF-D143D0E04201}.Debug|Any CPU.Build.0 = Debug|Any CPU
		{C5288F59-22D6-48D7-A9BF-D143D0E04201}.Release|Any CPU.ActiveCfg = Release|Any CPU
		{C5288F59-22D6-48D7-A9BF-D143D0E04201}.Release|Any CPU.Build.0 = Release|Any CPU
		{98E798D2-0F2D-4EDE-A127-8E7140D7386E}.Debug|Any CPU.ActiveCfg = Debug|Any CPU
		{98E798D2-0F2D-4EDE-A127-8E7140D7386E}.Debug|Any CPU.Build.0 = Debug|Any CPU
		{98E798D2-0F2D-4EDE-A127-8E7140D7386E}.Release|Any CPU.ActiveCfg = Release|Any CPU
		{98E798D2-0F2D-4EDE-A127-8E7140D7386E}.Release|Any CPU.Build.0 = Release|Any CPU
		{9AEDC461-F4A2-4528-9AAF-FBAB39916FEE}.Debug|Any CPU.ActiveCfg = Debug|Any CPU
		{9AEDC461-F4A2-4528-9AAF-FBAB39916FEE}.Debug|Any CPU.Build.0 = Debug|Any CPU
		{9AEDC461-F4A2-4528-9AAF-FBAB39916FEE}.Release|Any CPU.ActiveCfg = Release|Any CPU
		{9AEDC461-F4A2-4528-9AAF-FBAB39916FEE}.Release|Any CPU.Build.0 = Release|Any CPU
		{9094A2B0-1B68-4328-8445-D527A5750A87}.Debug|Any CPU.ActiveCfg = Debug|Any CPU
		{9094A2B0-1B68-4328-8445-D527A5750A87}.Debug|Any CPU.Build.0 = Debug|Any CPU
		{9094A2B0-1B68-4328-8445-D527A5750A87}.Release|Any CPU.ActiveCfg = Release|Any CPU
		{9094A2B0-1B68-4328-8445-D527A5750A87}.Release|Any CPU.Build.0 = Release|Any CPU
		{CF60A29A-C184-4D33-A342-9140D0B26046}.Debug|Any CPU.ActiveCfg = Debug|Any CPU
		{CF60A29A-C184-4D33-A342-9140D0B26046}.Debug|Any CPU.Build.0 = Debug|Any CPU
		{CF60A29A-C184-4D33-A342-9140D0B26046}.Release|Any CPU.ActiveCfg = Release|Any CPU
		{CF60A29A-C184-4D33-A342-9140D0B26046}.Release|Any CPU.Build.0 = Release|Any CPU
		{B9F108D1-47BA-4FD2-B5B9-1C13404A2E8F}.Debug|Any CPU.ActiveCfg = Debug|Any CPU
		{B9F108D1-47BA-4FD2-B5B9-1C13404A2E8F}.Debug|Any CPU.Build.0 = Debug|Any CPU
		{B9F108D1-47BA-4FD2-B5B9-1C13404A2E8F}.Release|Any CPU.ActiveCfg = Release|Any CPU
		{B9F108D1-47BA-4FD2-B5B9-1C13404A2E8F}.Release|Any CPU.Build.0 = Release|Any CPU
		{6BE990F9-52B7-4B72-9696-6B3CE4E365A0}.Debug|Any CPU.ActiveCfg = Debug|Any CPU
		{6BE990F9-52B7-4B72-9696-6B3CE4E365A0}.Debug|Any CPU.Build.0 = Debug|Any CPU
		{6BE990F9-52B7-4B72-9696-6B3CE4E365A0}.Release|Any CPU.ActiveCfg = Release|Any CPU
		{6BE990F9-52B7-4B72-9696-6B3CE4E365A0}.Release|Any CPU.Build.0 = Release|Any CPU
		{4B219E7D-7A80-4FF9-9A79-47E2AED90D19}.Debug|Any CPU.ActiveCfg = Debug|Any CPU
		{4B219E7D-7A80-4FF9-9A79-47E2AED90D19}.Debug|Any CPU.Build.0 = Debug|Any CPU
		{4B219E7D-7A80-4FF9-9A79-47E2AED90D19}.Release|Any CPU.ActiveCfg = Release|Any CPU
		{4B219E7D-7A80-4FF9-9A79-47E2AED90D19}.Release|Any CPU.Build.0 = Release|Any CPU
		{27B1BE56-C5A9-4FB1-83B0-F6C968EC080E}.Debug|Any CPU.ActiveCfg = Debug|Any CPU
		{27B1BE56-C5A9-4FB1-83B0-F6C968EC080E}.Debug|Any CPU.Build.0 = Debug|Any CPU
		{27B1BE56-C5A9-4FB1-83B0-F6C968EC080E}.Release|Any CPU.ActiveCfg = Release|Any CPU
		{27B1BE56-C5A9-4FB1-83B0-F6C968EC080E}.Release|Any CPU.Build.0 = Release|Any CPU
		{F8FA74A7-816F-467C-AB22-B1F0C18CA623}.Debug|Any CPU.ActiveCfg = Debug|Any CPU
		{F8FA74A7-816F-467C-AB22-B1F0C18CA623}.Debug|Any CPU.Build.0 = Debug|Any CPU
		{F8FA74A7-816F-467C-AB22-B1F0C18CA623}.Release|Any CPU.ActiveCfg = Release|Any CPU
		{F8FA74A7-816F-467C-AB22-B1F0C18CA623}.Release|Any CPU.Build.0 = Release|Any CPU
	EndGlobalSection
	GlobalSection(SolutionProperties) = preSolution
		HideSolutionNode = FALSE
	EndGlobalSection
	GlobalSection(NestedProjects) = preSolution
		{F630AE3B-554F-43A8-8112-6FF928A3BBC2} = {E3630508-BDC6-4B26-A575-56282AAF72B8}
		{3B172623-9948-412C-9777-3432A29133DF} = {B6B7C261-8974-430D-BFD7-03AD5CD3A1DB}
		{C5288F59-22D6-48D7-A9BF-D143D0E04201} = {DAE4023A-C516-441A-A5D0-434730F91708}
		{83D7254F-A226-4BE4-80D4-6DA17207009D} = {D91AF929-DB66-4BCA-A99D-5F55D7B8D163}
		{525A36A9-AEEB-49CA-97BA-7C4F0E2B7C9A} = {83D7254F-A226-4BE4-80D4-6DA17207009D}
		{26726A63-9624-4855-98B5-2B0114D28E09} = {83D7254F-A226-4BE4-80D4-6DA17207009D}
		{9E5E4DFD-249C-4ECD-B476-7739A8D05D17} = {83D7254F-A226-4BE4-80D4-6DA17207009D}
		{98E798D2-0F2D-4EDE-A127-8E7140D7386E} = {525A36A9-AEEB-49CA-97BA-7C4F0E2B7C9A}
		{9AEDC461-F4A2-4528-9AAF-FBAB39916FEE} = {26726A63-9624-4855-98B5-2B0114D28E09}
		{9094A2B0-1B68-4328-8445-D527A5750A87} = {9E5E4DFD-249C-4ECD-B476-7739A8D05D17}
		{C8ACA551-490C-4399-95B7-DA2B796E1489} = {83D7254F-A226-4BE4-80D4-6DA17207009D}
		{CF60A29A-C184-4D33-A342-9140D0B26046} = {C8ACA551-490C-4399-95B7-DA2B796E1489}
		{D0919DB2-DA44-47D0-A6F1-6844D673B114} = {D91AF929-DB66-4BCA-A99D-5F55D7B8D163}
		{D57843CB-D8F7-42D0-8D0F-8B59051C0F30} = {D0919DB2-DA44-47D0-A6F1-6844D673B114}
		{5914764F-94CC-4B45-BCB7-F0515376198E} = {D0919DB2-DA44-47D0-A6F1-6844D673B114}
		{2070C34F-AF5D-4D3E-8856-1BEB2BF61BC8} = {D0919DB2-DA44-47D0-A6F1-6844D673B114}
		{B9F108D1-47BA-4FD2-B5B9-1C13404A2E8F} = {D57843CB-D8F7-42D0-8D0F-8B59051C0F30}
		{6BE990F9-52B7-4B72-9696-6B3CE4E365A0} = {5914764F-94CC-4B45-BCB7-F0515376198E}
		{59E936A1-4B77-49A8-BCEA-2269473DE14B} = {D0919DB2-DA44-47D0-A6F1-6844D673B114}
		{4B219E7D-7A80-4FF9-9A79-47E2AED90D19} = {59E936A1-4B77-49A8-BCEA-2269473DE14B}
		{27B1BE56-C5A9-4FB1-83B0-F6C968EC080E} = {2070C34F-AF5D-4D3E-8856-1BEB2BF61BC8}
		{F8FA74A7-816F-467C-AB22-B1F0C18CA623} = {D91AF929-DB66-4BCA-A99D-5F55D7B8D163}
	EndGlobalSection
	GlobalSection(ExtensibilityGlobals) = postSolution
		SolutionGuid = {46521E74-F3A2-4B72-8C24-6C592F68B17D}
	EndGlobalSection
EndGlobal
